
Microsoft Visual Studio Solution File, Format Version 12.00
# Visual Studio Version 17
VisualStudioVersion = 17.1.32328.378
MinimumVisualStudioVersion = 10.0.40219.1
Project("{FAE04EC0-301F-11D3-BF4B-00C04F79EFBC}") = "AdventuresOnlineGameServer", "AdventuresOnlineGameServer.csproj", "{0CA66E0D-F1FD-4840-906D-4FF11617B1A9}"
EndProject
Global
	GlobalSection(SolutionConfigurationPlatforms) = preSolution
		Debug|Any CPU = Debug|Any CPU
		Release|Any CPU = Release|Any CPU
	EndGlobalSection
	GlobalSection(ProjectConfigurationPlatforms) = postSolution
		{0CA66E0D-F1FD-4840-906D-4FF11617B1A9}.Debug|Any CPU.ActiveCfg = Debug|Any CPU
		{0CA66E0D-F1FD-4840-906D-4FF11617B1A9}.Debug|Any CPU.Build.0 = Debug|Any CPU
		{0CA66E0D-F1FD-4840-906D-4FF11617B1A9}.Release|Any CPU.ActiveCfg = Release|Any CPU
		{0CA66E0D-F1FD-4840-906D-4FF11617B1A9}.Release|Any CPU.Build.0 = Release|Any CPU
	EndGlobalSection
	GlobalSection(SolutionProperties) = preSolution
		HideSolutionNode = FALSE
	EndGlobalSection
	GlobalSection(ExtensibilityGlobals) = postSolution
		SolutionGuid = {DA9BF1C0-95C4-43CB-B87C-2C3018D27FE9}
	EndGlobalSection
EndGlobal
